<?xml version="1.0" encoding="utf-8"?>
<Project ToolsVersion="4.0" xmlns="http://schemas.microsoft.com/developer/msbuild/2003">
  <ItemGroup>
    <Filter Include="ソース ファイル">
      <UniqueIdentifier>{4FC737F1-C7A5-4376-A066-2A32D752A2FF}</UniqueIdentifier>
      <Extensions>cpp;c;cc;cxx;def;odl;idl;hpj;bat;asm;asmx</Extensions>
    </Filter>
    <Filter Include="ヘッダー ファイル">
      <UniqueIdentifier>{93995380-89BD-4b04-88EB-625FBE52EBFB}</UniqueIdentifier>
      <Extensions>h;hh;hpp;hxx;hm;inl;inc;xsd</Extensions>
    </Filter>
    <Filter Include="リソース ファイル">
      <UniqueIdentifier>{67DA6AB6-F800-4c08-8B7A-83BB121AAD01}</UniqueIdentifier>
      <Extensions>rc;ico;cur;bmp;dlg;rc2;rct;bin;rgs;gif;jpg;jpeg;jpe;resx;tiff;tif;png;wav;mfcribbon-ms</Extensions>
    </Filter>
    <Filter Include="ソース ファイル\地形">
      <UniqueIdentifier>{6a8b49fd-c6f9-4371-9431-1063dbb15d53}</UniqueIdentifier>
    </Filter>
    <Filter Include="ソース ファイル\基盤">
      <UniqueIdentifier>{940e678b-21ea-4d78-b736-4219393b4cf3}</UniqueIdentifier>
    </Filter>
    <Filter Include="ソース ファイル\imgui">
      <UniqueIdentifier>{cfd1505a-1c0b-4544-a457-f0a5c73d0ccd}</UniqueIdentifier>
    </Filter>
    <Filter Include="ソース ファイル\Particle">
      <UniqueIdentifier>{53792353-17e7-4826-b7a9-bf5a04a70442}</UniqueIdentifier>
    </Filter>
  </ItemGroup>
  <ItemGroup>
    <ClCompile Include="code\floor.cpp">
      <Filter>ソース ファイル\地形</Filter>
    </ClCompile>
    <ClCompile Include="code\main.cpp">
      <Filter>ソース ファイル</Filter>
    </ClCompile>
    <ClCompile Include="code\wall.cpp">
      <Filter>ソース ファイル\地形</Filter>
    </ClCompile>
    <ClCompile Include="code\camera.cpp">
      <Filter>ソース ファイル\基盤</Filter>
    </ClCompile>
    <ClCompile Include="code\light.cpp">
      <Filter>ソース ファイル\基盤</Filter>
    </ClCompile>
    <ClCompile Include="code\input.cpp">
      <Filter>ソース ファイル\基盤</Filter>
    </ClCompile>
    <ClCompile Include="code\sound.cpp">
      <Filter>ソース ファイル\基盤</Filter>
    </ClCompile>
    <ClCompile Include="code\imgui\imgui.cpp">
      <Filter>ソース ファイル\imgui</Filter>
    </ClCompile>
    <ClCompile Include="code\imgui\imgui_demo.cpp">
      <Filter>ソース ファイル\imgui</Filter>
    </ClCompile>
    <ClCompile Include="code\imgui\imgui_draw.cpp">
      <Filter>ソース ファイル\imgui</Filter>
    </ClCompile>
    <ClCompile Include="code\imgui\imgui_impl_dx9.cpp">
      <Filter>ソース ファイル\imgui</Filter>
    </ClCompile>
    <ClCompile Include="code\imgui\imgui_impl_win32.cpp">
      <Filter>ソース ファイル\imgui</Filter>
    </ClCompile>
    <ClCompile Include="code\imgui\imgui_tables.cpp">
      <Filter>ソース ファイル\imgui</Filter>
    </ClCompile>
    <ClCompile Include="code\imgui\imgui_widgets.cpp">
      <Filter>ソース ファイル\imgui</Filter>
    </ClCompile>
    <ClCompile Include="code\imgui_main.cpp">
      <Filter>ソース ファイル</Filter>
    </ClCompile>
    <ClCompile Include="code\Particle\effect.cpp">
      <Filter>ソース ファイル\Particle</Filter>
    </ClCompile>
    <ClCompile Include="code\Particle\particle_type.cpp">
      <Filter>ソース ファイル\Particle</Filter>
    </ClCompile>
    <ClCompile Include="code\Particle\particle.cpp">
      <Filter>ソース ファイル\Particle</Filter>
    </ClCompile>
    <ClCompile Include="code\Particle\particle_calc.cpp">
      <Filter>ソース ファイル\Particle</Filter>
    </ClCompile>
  </ItemGroup>
  <ItemGroup>
    <ClInclude Include="code\floor.h">
      <Filter>ソース ファイル\地形</Filter>
    </ClInclude>
    <ClInclude Include="code\main.h">
      <Filter>ソース ファイル</Filter>
    </ClInclude>
    <ClInclude Include="code\wall.h">
      <Filter>ソース ファイル\地形</Filter>
    </ClInclude>
    <ClInclude Include="code\camera.h">
      <Filter>ソース ファイル\基盤</Filter>
    </ClInclude>
    <ClInclude Include="code\light.h">
      <Filter>ソース ファイル\基盤</Filter>
    </ClInclude>
    <ClInclude Include="code\input.h">
      <Filter>ソース ファイル\基盤</Filter>
    </ClInclude>
    <ClInclude Include="code\sound.h">
      <Filter>ソース ファイル\基盤</Filter>
    </ClInclude>
    <ClInclude Include="code\imgui\imconfig.h">
      <Filter>ソース ファイル\imgui</Filter>
    </ClInclude>
    <ClInclude Include="code\imgui\imgui.h">
      <Filter>ソース ファイル\imgui</Filter>
    </ClInclude>
    <ClInclude Include="code\imgui\imgui_impl_dx9.h">
      <Filter>ソース ファイル\imgui</Filter>
    </ClInclude>
    <ClInclude Include="code\imgui\imgui_impl_win32.h">
      <Filter>ソース ファイル\imgui</Filter>
    </ClInclude>
    <ClInclude Include="code\imgui\imgui_internal.h">
      <Filter>ソース ファイル\imgui</Filter>
    </ClInclude>
    <ClInclude Include="code\imgui\imstb_rectpack.h">
      <Filter>ソース ファイル\imgui</Filter>
    </ClInclude>
    <ClInclude Include="code\imgui\imstb_textedit.h">
      <Filter>ソース ファイル\imgui</Filter>
    </ClInclude>
    <ClInclude Include="code\imgui\imstb_truetype.h">
      <Filter>ソース ファイル\imgui</Filter>
    </ClInclude>
    <ClInclude Include="code\imgui_main.h">
      <Filter>ソース ファイル</Filter>
    </ClInclude>
    <ClInclude Include="code\Particle\effect.h">
      <Filter>ソース ファイル\Particle</Filter>
    </ClInclude>
    <ClInclude Include="code\Particle\particle_type.h">
      <Filter>ソース ファイル\Particle</Filter>
    </ClInclude>
    <ClInclude Include="code\Particle\particle.h">
      <Filter>ソース ファイル\Particle</Filter>
    </ClInclude>
    <ClInclude Include="code\Particle\particle_calc.h">
      <Filter>ソース ファイル\Particle</Filter>
    </ClInclude>
  </ItemGroup>
</Project>